
Microsoft Visual Studio Solution File, Format Version 12.00
# Visual Studio Version 17
VisualStudioVersion = 17.7.34031.279
MinimumVisualStudioVersion = 10.0.40219.1
Project("{FAE04EC0-301F-11D3-BF4B-00C04F79EFBC}") = "Set3 ex24", "Set3 ex24\Set3 ex24.csproj", "{EEC24ADD-8AA7-4EC4-8C91-418692AFA6C0}"
EndProject
Global
	GlobalSection(SolutionConfigurationPlatforms) = preSolution
		Debug|Any CPU = Debug|Any CPU
		Release|Any CPU = Release|Any CPU
	EndGlobalSection
	GlobalSection(ProjectConfigurationPlatforms) = postSolution
		{EEC24ADD-8AA7-4EC4-8C91-418692AFA6C0}.Debug|Any CPU.ActiveCfg = Debug|Any CPU
		{EEC24ADD-8AA7-4EC4-8C91-418692AFA6C0}.Debug|Any CPU.Build.0 = Debug|Any CPU
		{EEC24ADD-8AA7-4EC4-8C91-418692AFA6C0}.Release|Any CPU.ActiveCfg = Release|Any CPU
		{EEC24ADD-8AA7-4EC4-8C91-418692AFA6C0}.Release|Any CPU.Build.0 = Release|Any CPU
	EndGlobalSection
	GlobalSection(SolutionProperties) = preSolution
		HideSolutionNode = FALSE
	EndGlobalSection
	GlobalSection(ExtensibilityGlobals) = postSolution
		SolutionGuid = {FA66145E-EC86-44D4-984D-D1CE0187A126}
	EndGlobalSection
EndGlobal
