
Microsoft Visual Studio Solution File, Format Version 12.00
# Visual Studio Version 17
VisualStudioVersion = 17.7.34031.279
MinimumVisualStudioVersion = 10.0.40219.1
Project("{FAE04EC0-301F-11D3-BF4B-00C04F79EFBC}") = "Set3 ex11", "Set3 ex11\Set3 ex11.csproj", "{DD118423-91BA-4952-8510-C7DF5793F09C}"
EndProject
Global
	GlobalSection(SolutionConfigurationPlatforms) = preSolution
		Debug|Any CPU = Debug|Any CPU
		Release|Any CPU = Release|Any CPU
	EndGlobalSection
	GlobalSection(ProjectConfigurationPlatforms) = postSolution
		{DD118423-91BA-4952-8510-C7DF5793F09C}.Debug|Any CPU.ActiveCfg = Debug|Any CPU
		{DD118423-91BA-4952-8510-C7DF5793F09C}.Debug|Any CPU.Build.0 = Debug|Any CPU
		{DD118423-91BA-4952-8510-C7DF5793F09C}.Release|Any CPU.ActiveCfg = Release|Any CPU
		{DD118423-91BA-4952-8510-C7DF5793F09C}.Release|Any CPU.Build.0 = Release|Any CPU
	EndGlobalSection
	GlobalSection(SolutionProperties) = preSolution
		HideSolutionNode = FALSE
	EndGlobalSection
	GlobalSection(ExtensibilityGlobals) = postSolution
		SolutionGuid = {3F3C0742-41D8-445C-B256-C0197615F6ED}
	EndGlobalSection
EndGlobal
