
Microsoft Visual Studio Solution File, Format Version 12.00
# Visual Studio Version 17
VisualStudioVersion = 17.7.34031.279
MinimumVisualStudioVersion = 10.0.40219.1
Project("{FAE04EC0-301F-11D3-BF4B-00C04F79EFBC}") = "Set3 ex12", "Set3 ex12\Set3 ex12.csproj", "{151E3C45-6C01-4116-8738-E0C2BDA7ACE2}"
EndProject
Global
	GlobalSection(SolutionConfigurationPlatforms) = preSolution
		Debug|Any CPU = Debug|Any CPU
		Release|Any CPU = Release|Any CPU
	EndGlobalSection
	GlobalSection(ProjectConfigurationPlatforms) = postSolution
		{151E3C45-6C01-4116-8738-E0C2BDA7ACE2}.Debug|Any CPU.ActiveCfg = Debug|Any CPU
		{151E3C45-6C01-4116-8738-E0C2BDA7ACE2}.Debug|Any CPU.Build.0 = Debug|Any CPU
		{151E3C45-6C01-4116-8738-E0C2BDA7ACE2}.Release|Any CPU.ActiveCfg = Release|Any CPU
		{151E3C45-6C01-4116-8738-E0C2BDA7ACE2}.Release|Any CPU.Build.0 = Release|Any CPU
	EndGlobalSection
	GlobalSection(SolutionProperties) = preSolution
		HideSolutionNode = FALSE
	EndGlobalSection
	GlobalSection(ExtensibilityGlobals) = postSolution
		SolutionGuid = {1351E525-2A59-416A-B088-AAE61D45C83C}
	EndGlobalSection
EndGlobal
