
Microsoft Visual Studio Solution File, Format Version 12.00
# Visual Studio Version 17
VisualStudioVersion = 17.7.34031.279
MinimumVisualStudioVersion = 10.0.40219.1
Project("{FAE04EC0-301F-11D3-BF4B-00C04F79EFBC}") = "Set3 ex16", "Set3 ex16\Set3 ex16.csproj", "{532D52BA-0490-4E29-B8E3-937393EBBA57}"
EndProject
Global
	GlobalSection(SolutionConfigurationPlatforms) = preSolution
		Debug|Any CPU = Debug|Any CPU
		Release|Any CPU = Release|Any CPU
	EndGlobalSection
	GlobalSection(ProjectConfigurationPlatforms) = postSolution
		{532D52BA-0490-4E29-B8E3-937393EBBA57}.Debug|Any CPU.ActiveCfg = Debug|Any CPU
		{532D52BA-0490-4E29-B8E3-937393EBBA57}.Debug|Any CPU.Build.0 = Debug|Any CPU
		{532D52BA-0490-4E29-B8E3-937393EBBA57}.Release|Any CPU.ActiveCfg = Release|Any CPU
		{532D52BA-0490-4E29-B8E3-937393EBBA57}.Release|Any CPU.Build.0 = Release|Any CPU
	EndGlobalSection
	GlobalSection(SolutionProperties) = preSolution
		HideSolutionNode = FALSE
	EndGlobalSection
	GlobalSection(ExtensibilityGlobals) = postSolution
		SolutionGuid = {063906D6-0C43-437E-8F89-FD5C3F56ECCC}
	EndGlobalSection
EndGlobal
