
Microsoft Visual Studio Solution File, Format Version 12.00
# Visual Studio Version 17
VisualStudioVersion = 17.7.34031.279
MinimumVisualStudioVersion = 10.0.40219.1
Project("{FAE04EC0-301F-11D3-BF4B-00C04F79EFBC}") = "Set3 ex28", "Set3 ex28\Set3 ex28.csproj", "{525CC608-BC35-47AE-82C4-2380508E1074}"
EndProject
Global
	GlobalSection(SolutionConfigurationPlatforms) = preSolution
		Debug|Any CPU = Debug|Any CPU
		Release|Any CPU = Release|Any CPU
	EndGlobalSection
	GlobalSection(ProjectConfigurationPlatforms) = postSolution
		{525CC608-BC35-47AE-82C4-2380508E1074}.Debug|Any CPU.ActiveCfg = Debug|Any CPU
		{525CC608-BC35-47AE-82C4-2380508E1074}.Debug|Any CPU.Build.0 = Debug|Any CPU
		{525CC608-BC35-47AE-82C4-2380508E1074}.Release|Any CPU.ActiveCfg = Release|Any CPU
		{525CC608-BC35-47AE-82C4-2380508E1074}.Release|Any CPU.Build.0 = Release|Any CPU
	EndGlobalSection
	GlobalSection(SolutionProperties) = preSolution
		HideSolutionNode = FALSE
	EndGlobalSection
	GlobalSection(ExtensibilityGlobals) = postSolution
		SolutionGuid = {BEF73FFD-506C-4E72-A8F0-2E1A6B0ECBC4}
	EndGlobalSection
EndGlobal
