
Microsoft Visual Studio Solution File, Format Version 12.00
# Visual Studio Version 17
VisualStudioVersion = 17.7.34031.279
MinimumVisualStudioVersion = 10.0.40219.1
Project("{FAE04EC0-301F-11D3-BF4B-00C04F79EFBC}") = "Set3 ex20", "Set3 ex20\Set3 ex20.csproj", "{1BE4E84A-0B16-46B8-9740-9495E4F88787}"
EndProject
Global
	GlobalSection(SolutionConfigurationPlatforms) = preSolution
		Debug|Any CPU = Debug|Any CPU
		Release|Any CPU = Release|Any CPU
	EndGlobalSection
	GlobalSection(ProjectConfigurationPlatforms) = postSolution
		{1BE4E84A-0B16-46B8-9740-9495E4F88787}.Debug|Any CPU.ActiveCfg = Debug|Any CPU
		{1BE4E84A-0B16-46B8-9740-9495E4F88787}.Debug|Any CPU.Build.0 = Debug|Any CPU
		{1BE4E84A-0B16-46B8-9740-9495E4F88787}.Release|Any CPU.ActiveCfg = Release|Any CPU
		{1BE4E84A-0B16-46B8-9740-9495E4F88787}.Release|Any CPU.Build.0 = Release|Any CPU
	EndGlobalSection
	GlobalSection(SolutionProperties) = preSolution
		HideSolutionNode = FALSE
	EndGlobalSection
	GlobalSection(ExtensibilityGlobals) = postSolution
		SolutionGuid = {632027B3-8ED0-4B14-A6AC-9536944289B5}
	EndGlobalSection
EndGlobal
